PODS:
  - Alamofire (4.5.1)
  - Socket.IO-Client-Swift (13.0.0):
    - Starscream (~> 3.0.2)
  - Starscream (3.0.2)
  - SwiftyJSON (4.0.0)

DEPENDENCIES:
  - Alamofire
  - Socket.IO-Client-Swift
  - SwiftyJSON

SPEC CHECKSUMS:
  Alamofire: 2d95912bf4c34f164fdfc335872e8c312acaea4a
  Socket.IO-Client-Swift: d187c14afd9f3a8baf908e6e09ca8e77420dadff
  Starscream: b512c62f6706421221b5ceb2ba01a9f58aca5bea
  SwiftyJSON: 070dabdcb1beb81b247c65ffa3a79dbbfb3b48aa

PODFILE CHECKSUM: 8ba7eb352148b0a62a0b0725481f1fb91e1efa67

COCOAPODS: 1.2.0
