// !$*UTF8*$!
{
	archiveVersion = 1;
	classes = {
	};
	objectVersion = 48;
	objects = {

/* Begin PBXBuildFile section */
		5ECBD06CAE4520CFDCDB7B33 /* Pods_Slack_2_0.framework in Frameworks */ = {isa = PBXBuildFile; fileRef = 704B41E8003064F91D6C66FC /* Pods_Slack_2_0.framework */; };
		FA7DC7081FC2C27300CFF4C4 /* AppDelegate.swift in Sources */ = {isa = PBXBuildFile; fileRef = FA7DC7071FC2C27300CFF4C4 /* AppDelegate.swift */; };
		FA7DC70D1FC2C27300CFF4C4 /* Main.storyboard in Resources */ = {isa = PBXBuildFile; fileRef = FA7DC70B1FC2C27300CFF4C4 /* Main.storyboard */; };
		FA7DC70F1FC2C27300CFF4C4 /* Assets.xcassets in Resources */ = {isa = PBXBuildFile; fileRef = FA7DC70E1FC2C27300CFF4C4 /* Assets.xcassets */; };
		FA7DC7121FC2C27300CFF4C4 /* LaunchScreen.storyboard in Resources */ = {isa = PBXBuildFile; fileRef = FA7DC7101FC2C27300CFF4C4 /* LaunchScreen.storyboard */; };
		FA7DC7221FC2C30400CFF4C4 /* SWRevealViewController.m in Sources */ = {isa = PBXBuildFile; fileRef = FA7DC7211FC2C30400CFF4C4 /* SWRevealViewController.m */; };
		FA7DC7271FC2C62800CFF4C4 /* ChannelVC.swift in Sources */ = {isa = PBXBuildFile; fileRef = FA7DC7231FC2C62700CFF4C4 /* ChannelVC.swift */; };
		FA7DC7281FC2C62800CFF4C4 /* LoginVC.swift in Sources */ = {isa = PBXBuildFile; fileRef = FA7DC7241FC2C62700CFF4C4 /* LoginVC.swift */; };
		FA7DC7291FC2C62800CFF4C4 /* CreateAccountVC.swift in Sources */ = {isa = PBXBuildFile; fileRef = FA7DC7251FC2C62700CFF4C4 /* CreateAccountVC.swift */; };
		FA7DC72A1FC2C62800CFF4C4 /* ChatVC.swift in Sources */ = {isa = PBXBuildFile; fileRef = FA7DC7261FC2C62700CFF4C4 /* ChatVC.swift */; };
		FA7DC72C1FC2C84800CFF4C4 /* GradientView.swift in Sources */ = {isa = PBXBuildFile; fileRef = FA7DC72B1FC2C84800CFF4C4 /* GradientView.swift */; };
		FA7DC72E1FC2C93100CFF4C4 /* Constants.swift in Sources */ = {isa = PBXBuildFile; fileRef = FA7DC72D1FC2C93100CFF4C4 /* Constants.swift */; };
/* End PBXBuildFile section */

/* Begin PBXFileReference section */
		3549F98464C6D041CA56E53C /* Pods-Slack 2.0.debug.xcconfig */ = {isa = PBXFileReference; includeInIndex = 1; lastKnownFileType = text.xcconfig; name = "Pods-Slack 2.0.debug.xcconfig"; path = "Pods/Target Support Files/Pods-Slack 2.0/Pods-Slack 2.0.debug.xcconfig"; sourceTree = "<group>"; };
		4BD5EF008AD6E5D9CC66AD27 /* Pods-Slack 2.0.release.xcconfig */ = {isa = PBXFileReference; includeInIndex = 1; lastKnownFileType = text.xcconfig; name = "Pods-Slack 2.0.release.xcconfig"; path = "Pods/Target Support Files/Pods-Slack 2.0/Pods-Slack 2.0.release.xcconfig"; sourceTree = "<group>"; };
		704B41E8003064F91D6C66FC /* Pods_Slack_2_0.framework */ = {isa = PBXFileReference; explicitFileType = wrapper.framework; includeInIndex = 0; path = Pods_Slack_2_0.framework; sourceTree = BUILT_PRODUCTS_DIR; };
		FA7DC7041FC2C27300CFF4C4 /* Slack 2.0.app */ = {isa = PBXFileReference; explicitFileType = wrapper.application; includeInIndex = 0; path = "Slack 2.0.app"; sourceTree = BUILT_PRODUCTS_DIR; };
		FA7DC7071FC2C27300CFF4C4 /* AppDelegate.swift */ = {isa = PBXFileReference; lastKnownFileType = sourcecode.swift; path = AppDelegate.swift; sourceTree = "<group>"; };
		FA7DC70C1FC2C27300CFF4C4 /* Base */ = {isa = PBXFileReference; lastKnownFileType = file.storyboard; name = Base; path = Base.lproj/Main.storyboard; sourceTree = "<group>"; };
		FA7DC70E1FC2C27300CFF4C4 /* Assets.xcassets */ = {isa = PBXFileReference; lastKnownFileType = folder.assetcatalog; path = Assets.xcassets; sourceTree = "<group>"; };
		FA7DC7111FC2C27300CFF4C4 /* Base */ = {isa = PBXFileReference; lastKnownFileType = file.storyboard; name = Base; path = Base.lproj/LaunchScreen.storyboard; sourceTree = "<group>"; };
		FA7DC7131FC2C27300CFF4C4 /* Info.plist */ = {isa = PBXFileReference; lastKnownFileType = text.plist.xml; path = Info.plist; sourceTree = "<group>"; };
		FA7DC71F1FC2C30100CFF4C4 /* Slack 2.0-Bridging-Header.h */ = {isa = PBXFileReference; lastKnownFileType = sourcecode.c.h; path = "Slack 2.0-Bridging-Header.h"; sourceTree = "<group>"; };
		FA7DC7201FC2C30300CFF4C4 /* SWRevealViewController.h */ = {isa = PBXFileReference; fileEncoding = 4; lastKnownFileType = sourcecode.c.h; path = SWRevealViewController.h; sourceTree = "<group>"; };
		FA7DC7211FC2C30400CFF4C4 /* SWRevealViewController.m */ = {isa = PBXFileReference; fileEncoding = 4; lastKnownFileType = sourcecode.c.objc; path = SWRevealViewController.m; sourceTree = "<group>"; };
		FA7DC7231FC2C62700CFF4C4 /* ChannelVC.swift */ = {isa = PBXFileReference; fileEncoding = 4; lastKnownFileType = sourcecode.swift; path = ChannelVC.swift; sourceTree = "<group>"; };
		FA7DC7241FC2C62700CFF4C4 /* LoginVC.swift */ = {isa = PBXFileReference; fileEncoding = 4; lastKnownFileType = sourcecode.swift; path = LoginVC.swift; sourceTree = "<group>"; };
		FA7DC7251FC2C62700CFF4C4 /* CreateAccountVC.swift */ = {isa = PBXFileReference; fileEncoding = 4; lastKnownFileType = sourcecode.swift; path = CreateAccountVC.swift; sourceTree = "<group>"; };
		FA7DC7261FC2C62700CFF4C4 /* ChatVC.swift */ = {isa = PBXFileReference; fileEncoding = 4; lastKnownFileType = sourcecode.swift; path = ChatVC.swift; sourceTree = "<group>"; };
		FA7DC72B1FC2C84800CFF4C4 /* GradientView.swift */ = {isa = PBXFileReference; lastKnownFileType = sourcecode.swift; path = GradientView.swift; sourceTree = "<group>"; };
		FA7DC72D1FC2C93100CFF4C4 /* Constants.swift */ = {isa = PBXFileReference; lastKnownFileType = sourcecode.swift; path = Constants.swift; sourceTree = "<group>"; };
/* End PBXFileReference section */

/* Begin PBXFrameworksBuildPhase section */
		FA7DC7011FC2C27300CFF4C4 /* Frameworks */ = {
			isa = PBXFrameworksBuildPhase;
			buildActionMask = 2147483647;
			files = (
				5ECBD06CAE4520CFDCDB7B33 /* Pods_Slack_2_0.framework in Frameworks */,
			);
			runOnlyForDeploymentPostprocessing = 0;
		};
/* End PBXFrameworksBuildPhase section */

/* Begin PBXGroup section */
		0A0DF919A6A5D6BE6E16EEE0 /* Pods */ = {
			isa = PBXGroup;
			children = (
				3549F98464C6D041CA56E53C /* Pods-Slack 2.0.debug.xcconfig */,
				4BD5EF008AD6E5D9CC66AD27 /* Pods-Slack 2.0.release.xcconfig */,
			);
			name = Pods;
			sourceTree = "<group>";
		};
		E6FF14CECC5773F4F995ED91 /* Frameworks */ = {
			isa = PBXGroup;
			children = (
				704B41E8003064F91D6C66FC /* Pods_Slack_2_0.framework */,
			);
			name = Frameworks;
			sourceTree = "<group>";
		};
		FA7DC6FB1FC2C27300CFF4C4 = {
			isa = PBXGroup;
			children = (
				FA7DC7061FC2C27300CFF4C4 /* Slack 2.0 */,
				FA7DC7051FC2C27300CFF4C4 /* Products */,
				0A0DF919A6A5D6BE6E16EEE0 /* Pods */,
				E6FF14CECC5773F4F995ED91 /* Frameworks */,
			);
			sourceTree = "<group>";
		};
		FA7DC7051FC2C27300CFF4C4 /* Products */ = {
			isa = PBXGroup;
			children = (
				FA7DC7041FC2C27300CFF4C4 /* Slack 2.0.app */,
			);
			name = Products;
			sourceTree = "<group>";
		};
		FA7DC7061FC2C27300CFF4C4 /* Slack 2.0 */ = {
			isa = PBXGroup;
			children = (
				FA7DC71E1FC2C2F000CFF4C4 /* Services */,
				FA7DC71D1FC2C2E500CFF4C4 /* Model */,
				FA7DC71C1FC2C2E000CFF4C4 /* View */,
				FA7DC71B1FC2C2D900CFF4C4 /* Controller */,
				FA7DC71A1FC2C2D000CFF4C4 /* Supporting Files */,
				FA7DC7191FC2C2C900CFF4C4 /* Utilities */,
				FA7DC7071FC2C27300CFF4C4 /* AppDelegate.swift */,
				FA7DC70B1FC2C27300CFF4C4 /* Main.storyboard */,
				FA7DC70E1FC2C27300CFF4C4 /* Assets.xcassets */,
				FA7DC7101FC2C27300CFF4C4 /* LaunchScreen.storyboard */,
				FA7DC7131FC2C27300CFF4C4 /* Info.plist */,
			);
			path = "Slack 2.0";
			sourceTree = "<group>";
		};
		FA7DC7191FC2C2C900CFF4C4 /* Utilities */ = {
			isa = PBXGroup;
			children = (
				FA7DC72D1FC2C93100CFF4C4 /* Constants.swift */,
			);
			path = Utilities;
			sourceTree = "<group>";
		};
		FA7DC71A1FC2C2D000CFF4C4 /* Supporting Files */ = {
			isa = PBXGroup;
			children = (
				FA7DC7201FC2C30300CFF4C4 /* SWRevealViewController.h */,
				FA7DC7211FC2C30400CFF4C4 /* SWRevealViewController.m */,
				FA7DC71F1FC2C30100CFF4C4 /* Slack 2.0-Bridging-Header.h */,
			);
			path = "Supporting Files";
			sourceTree = "<group>";
		};
		FA7DC71B1FC2C2D900CFF4C4 /* Controller */ = {
			isa = PBXGroup;
			children = (
				FA7DC7261FC2C62700CFF4C4 /* ChatVC.swift */,
				FA7DC7231FC2C62700CFF4C4 /* ChannelVC.swift */,
				FA7DC7241FC2C62700CFF4C4 /* LoginVC.swift */,
				FA7DC7251FC2C62700CFF4C4 /* CreateAccountVC.swift */,
			);
			path = Controller;
			sourceTree = "<group>";
		};
		FA7DC71C1FC2C2E000CFF4C4 /* View */ = {
			isa = PBXGroup;
			children = (
				FA7DC72B1FC2C84800CFF4C4 /* GradientView.swift */,
			);
			path = View;
			sourceTree = "<group>";
		};
		FA7DC71D1FC2C2E500CFF4C4 /* Model */ = {
			isa = PBXGroup;
			children = (
			);
			path = Model;
			sourceTree = "<group>";
		};
		FA7DC71E1FC2C2F000CFF4C4 /* Services */ = {
			isa = PBXGroup;
			children = (
			);
			path = Services;
			sourceTree = "<group>";
		};
/* End PBXGroup section */

/* Begin PBXNativeTarget section */
		FA7DC7031FC2C27300CFF4C4 /* Slack 2.0 */ = {
			isa = PBXNativeTarget;
			buildConfigurationList = FA7DC7161FC2C27300CFF4C4 /* Build configuration list for PBXNativeTarget "Slack 2.0" */;
			buildPhases = (
				50C0F00BF345698242FFFF82 /* [CP] Check Pods Manifest.lock */,
				FA7DC7001FC2C27300CFF4C4 /* Sources */,
				FA7DC7011FC2C27300CFF4C4 /* Frameworks */,
				FA7DC7021FC2C27300CFF4C4 /* Resources */,
				7668CBF517F5834D5B62CCF0 /* [CP] Embed Pods Frameworks */,
				8F14B262768D02BC482F52F8 /* [CP] Copy Pods Resources */,
			);
			buildRules = (
			);
			dependencies = (
			);
			name = "Slack 2.0";
			productName = "Slack 2.0";
			productReference = FA7DC7041FC2C27300CFF4C4 /* Slack 2.0.app */;
			productType = "com.apple.product-type.application";
		};
/* End PBXNativeTarget section */

/* Begin PBXProject section */
		FA7DC6FC1FC2C27300CFF4C4 /* Project object */ = {
			isa = PBXProject;
			attributes = {
				LastSwiftUpdateCheck = 0910;
				LastUpgradeCheck = 0910;
				ORGANIZATIONNAME = "Alex Wong";
				TargetAttributes = {
					FA7DC7031FC2C27300CFF4C4 = {
						CreatedOnToolsVersion = 9.1;
						LastSwiftMigration = 0910;
						ProvisioningStyle = Automatic;
					};
				};
			};
			buildConfigurationList = FA7DC6FF1FC2C27300CFF4C4 /* Build configuration list for PBXProject "Slack 2.0" */;
			compatibilityVersion = "Xcode 8.0";
			developmentRegion = en;
			hasScannedForEncodings = 0;
			knownRegions = (
				en,
				Base,
			);
			mainGroup = FA7DC6FB1FC2C27300CFF4C4;
			productRefGroup = FA7DC7051FC2C27300CFF4C4 /* Products */;
			projectDirPath = "";
			projectRoot = "";
			targets = (
				FA7DC7031FC2C27300CFF4C4 /* Slack 2.0 */,
			);
		};
/* End PBXProject section */

/* Begin PBXResourcesBuildPhase section */
		FA7DC7021FC2C27300CFF4C4 /* Resources */ = {
			isa = PBXResourcesBuildPhase;
			buildActionMask = 2147483647;
			files = (
				FA7DC7121FC2C27300CFF4C4 /* LaunchScreen.storyboard in Resources */,
				FA7DC70F1FC2C27300CFF4C4 /* Assets.xcassets in Resources */,
				FA7DC70D1FC2C27300CFF4C4 /* Main.storyboard in Resources */,
			);
			runOnlyForDeploymentPostprocessing = 0;
		};
/* End PBXResourcesBuildPhase section */

/* Begin PBXShellScriptBuildPhase section */
		50C0F00BF345698242FFFF82 /* [CP] Check Pods Manifest.lock */ = {
			isa = PBXShellScriptBuildPhase;
			buildActionMask = 2147483647;
			files = (
			);
			inputPaths = (
			);
			name = "[CP] Check Pods Manifest.lock";
			outputPaths = (
			);
			runOnlyForDeploymentPostprocessing = 0;
			shellPath = /bin/sh;
			shellScript = "diff \"${PODS_ROOT}/../Podfile.lock\" \"${PODS_ROOT}/Manifest.lock\" > /dev/null\nif [ $? != 0 ] ; then\n    # print error to STDERR\n    echo \"error: The sandbox is not in sync with the Podfile.lock. Run 'pod install' or update your CocoaPods installation.\" >&2\n    exit 1\nfi\n";
			showEnvVarsInLog = 0;
		};
		7668CBF517F5834D5B62CCF0 /* [CP] Embed Pods Frameworks */ = {
			isa = PBXShellScriptBuildPhase;
			buildActionMask = 2147483647;
			files = (
			);
			inputPaths = (
			);
			name = "[CP] Embed Pods Frameworks";
			outputPaths = (
			);
			runOnlyForDeploymentPostprocessing = 0;
			shellPath = /bin/sh;
			shellScript = "\"${SRCROOT}/Pods/Target Support Files/Pods-Slack 2.0/Pods-Slack 2.0-frameworks.sh\"\n";
			showEnvVarsInLog = 0;
		};
		8F14B262768D02BC482F52F8 /* [CP] Copy Pods Resources */ = {
			isa = PBXShellScriptBuildPhase;
			buildActionMask = 2147483647;
			files = (
			);
			inputPaths = (
			);
			name = "[CP] Copy Pods Resources";
			outputPaths = (
			);
			runOnlyForDeploymentPostprocessing = 0;
			shellPath = /bin/sh;
			shellScript = "\"${SRCROOT}/Pods/Target Support Files/Pods-Slack 2.0/Pods-Slack 2.0-resources.sh\"\n";
			showEnvVarsInLog = 0;
		};
/* End PBXShellScriptBuildPhase section */

/* Begin PBXSourcesBuildPhase section */
		FA7DC7001FC2C27300CFF4C4 /* Sources */ = {
			isa = PBXSourcesBuildPhase;
			buildActionMask = 2147483647;
			files = (
				FA7DC72A1FC2C62800CFF4C4 /* ChatVC.swift in Sources */,
				FA7DC7081FC2C27300CFF4C4 /* AppDelegate.swift in Sources */,
				FA7DC7271FC2C62800CFF4C4 /* ChannelVC.swift in Sources */,
				FA7DC7281FC2C62800CFF4C4 /* LoginVC.swift in Sources */,
				FA7DC72C1FC2C84800CFF4C4 /* GradientView.swift in Sources */,
				FA7DC7291FC2C62800CFF4C4 /* CreateAccountVC.swift in Sources */,
				FA7DC7221FC2C30400CFF4C4 /* SWRevealViewController.m in Sources */,
				FA7DC72E1FC2C93100CFF4C4 /* Constants.swift in Sources */,
			);
			runOnlyForDeploymentPostprocessing = 0;
		};
/* End PBXSourcesBuildPhase section */

/* Begin PBXVariantGroup section */
		FA7DC70B1FC2C27300CFF4C4 /* Main.storyboard */ = {
			isa = PBXVariantGroup;
			children = (
				FA7DC70C1FC2C27300CFF4C4 /* Base */,
			);
			name = Main.storyboard;
			sourceTree = "<group>";
		};
		FA7DC7101FC2C27300CFF4C4 /* LaunchScreen.storyboard */ = {
			isa = PBXVariantGroup;
			children = (
				FA7DC7111FC2C27300CFF4C4 /* Base */,
			);
			name = LaunchScreen.storyboard;
			sourceTree = "<group>";
		};
/* End PBXVariantGroup section */

/* Begin XCBuildConfiguration section */
		FA7DC7141FC2C27300CFF4C4 /* Debug */ = {
			isa = XCBuildConfiguration;
			buildSettings = {
				ALWAYS_SEARCH_USER_PATHS = NO;
				CLANG_ANALYZER_NONNULL = YES;
				CLANG_ANALYZER_NUMBER_OBJECT_CONVERSION = YES_AGGRESSIVE;
				CLANG_CXX_LANGUAGE_STANDARD = "gnu++14";
				CLANG_CXX_LIBRARY = "libc++";
				CLANG_ENABLE_MODULES = YES;
				CLANG_ENABLE_OBJC_ARC = YES;
				CLANG_WARN_BLOCK_CAPTURE_AUTORELEASING = YES;
				CLANG_WARN_BOOL_CONVERSION = YES;
				CLANG_WARN_COMMA = YES;
				CLANG_WARN_CONSTANT_CONVERSION = YES;
				CLANG_WARN_DIRECT_OBJC_ISA_USAGE = YES_ERROR;
				CLANG_WARN_DOCUMENTATION_COMMENTS = YES;
				CLANG_WARN_EMPTY_BODY = YES;
				CLANG_WARN_ENUM_CONVERSION = YES;
				CLANG_WARN_INFINITE_RECURSION = YES;
				CLANG_WARN_INT_CONVERSION = YES;
				CLANG_WARN_NON_LITERAL_NULL_CONVERSION = YES;
				CLANG_WARN_OBJC_LITERAL_CONVERSION = YES;
				CLANG_WARN_OBJC_ROOT_CLASS = YES_ERROR;
				CLANG_WARN_RANGE_LOOP_ANALYSIS = YES;
				CLANG_WARN_STRICT_PROTOTYPES = YES;
				CLANG_WARN_SUSPICIOUS_MOVE = YES;
				CLANG_WARN_UNGUARDED_AVAILABILITY = YES_AGGRESSIVE;
				CLANG_WARN_UNREACHABLE_CODE = YES;
				CLANG_WARN__DUPLICATE_METHOD_MATCH = YES;
				CODE_SIGN_IDENTITY = "iPhone Developer";
				COPY_PHASE_STRIP = NO;
				DEBUG_INFORMATION_FORMAT = dwarf;
				ENABLE_STRICT_OBJC_MSGSEND = YES;
				ENABLE_TESTABILITY = YES;
				GCC_C_LANGUAGE_STANDARD = gnu11;
				GCC_DYNAMIC_NO_PIC = NO;
				GCC_NO_COMMON_BLOCKS = YES;
				GCC_OPTIMIZATION_LEVEL = 0;
				GCC_PREPROCESSOR_DEFINITIONS = (
					"DEBUG=1",
					"$(inherited)",
				);
				GCC_WARN_64_TO_32_BIT_CONVERSION = YES;
				GCC_WARN_ABOUT_RETURN_TYPE = YES_ERROR;
				GCC_WARN_UNDECLARED_SELECTOR = YES;
				GCC_WARN_UNINITIALIZED_AUTOS = YES_AGGRESSIVE;
				GCC_WARN_UNUSED_FUNCTION = YES;
				GCC_WARN_UNUSED_VARIABLE = YES;
				IPHONEOS_DEPLOYMENT_TARGET = 11.1;
				MTL_ENABLE_DEBUG_INFO = YES;
				ONLY_ACTIVE_ARCH = YES;
				SDKROOT = iphoneos;
				SWIFT_ACTIVE_COMPILATION_CONDITIONS = DEBUG;
				SWIFT_OPTIMIZATION_LEVEL = "-Onone";
			};
			name = Debug;
		};
		FA7DC7151FC2C27300CFF4C4 /* Release */ = {
			isa = XCBuildConfiguration;
			buildSettings = {
				ALWAYS_SEARCH_USER_PATHS = NO;
				CLANG_ANALYZER_NONNULL = YES;
				CLANG_ANALYZER_NUMBER_OBJECT_CONVERSION = YES_AGGRESSIVE;
				CLANG_CXX_LANGUAGE_STANDARD = "gnu++14";
				CLANG_CXX_LIBRARY = "libc++";
				CLANG_ENABLE_MODULES = YES;
				CLANG_ENABLE_OBJC_ARC = YES;
				CLANG_WARN_BLOCK_CAPTURE_AUTORELEASING = YES;
				CLANG_WARN_BOOL_CONVERSION = YES;
				CLANG_WARN_COMMA = YES;
				CLANG_WARN_CONSTANT_CONVERSION = YES;
				CLANG_WARN_DIRECT_OBJC_ISA_USAGE = YES_ERROR;
				CLANG_WARN_DOCUMENTATION_COMMENTS = YES;
				CLANG_WARN_EMPTY_BODY = YES;
				CLANG_WARN_ENUM_CONVERSION = YES;
				CLANG_WARN_INFINITE_RECURSION = YES;
				CLANG_WARN_INT_CONVERSION = YES;
				CLANG_WARN_NON_LITERAL_NULL_CONVERSION = YES;
				CLANG_WARN_OBJC_LITERAL_CONVERSION = YES;
				CLANG_WARN_OBJC_ROOT_CLASS = YES_ERROR;
				CLANG_WARN_RANGE_LOOP_ANALYSIS = YES;
				CLANG_WARN_STRICT_PROTOTYPES = YES;
				CLANG_WARN_SUSPICIOUS_MOVE = YES;
				CLANG_WARN_UNGUARDED_AVAILABILITY = YES_AGGRESSIVE;
				CLANG_WARN_UNREACHABLE_CODE = YES;
				CLANG_WARN__DUPLICATE_METHOD_MATCH = YES;
				CODE_SIGN_IDENTITY = "iPhone Developer";
				COPY_PHASE_STRIP = NO;
				DEBUG_INFORMATION_FORMAT = "dwarf-with-dsym";
				ENABLE_NS_ASSERTIONS = NO;
				ENABLE_STRICT_OBJC_MSGSEND = YES;
				GCC_C_LANGUAGE_STANDARD = gnu11;
				GCC_NO_COMMON_BLOCKS = YES;
				GCC_WARN_64_TO_32_BIT_CONVERSION = YES;
				GCC_WARN_ABOUT_RETURN_TYPE = YES_ERROR;
				GCC_WARN_UNDECLARED_SELECTOR = YES;
				GCC_WARN_UNINITIALIZED_AUTOS = YES_AGGRESSIVE;
				GCC_WARN_UNUSED_FUNCTION = YES;
				GCC_WARN_UNUSED_VARIABLE = YES;
				IPHONEOS_DEPLOYMENT_TARGET = 11.1;
				MTL_ENABLE_DEBUG_INFO = NO;
				SDKROOT = iphoneos;
				SWIFT_OPTIMIZATION_LEVEL = "-Owholemodule";
				VALIDATE_PRODUCT = YES;
			};
			name = Release;
		};
		FA7DC7171FC2C27300CFF4C4 /* Debug */ = {
			isa = XCBuildConfiguration;
			baseConfigurationReference = 3549F98464C6D041CA56E53C /* Pods-Slack 2.0.debug.xcconfig */;
			buildSettings = {
				ASSETCATALOG_COMPILER_APPICON_NAME = AppIcon;
				CLANG_ENABLE_MODULES = YES;
				CODE_SIGN_STYLE = Automatic;
				DEVELOPMENT_TEAM = 7DZAV3VM24;
				INFOPLIST_FILE = "Slack 2.0/Info.plist";
				LD_RUNPATH_SEARCH_PATHS = "$(inherited) @executable_path/Frameworks";
				PRODUCT_BUNDLE_IDENTIFIER = "com.alwongg.Slack-2-0";
				PRODUCT_NAME = "$(TARGET_NAME)";
				SWIFT_OBJC_BRIDGING_HEADER = "Slack 2.0/Supporting Files/Slack 2.0-Bridging-Header.h";
				SWIFT_OPTIMIZATION_LEVEL = "-Onone";
				SWIFT_VERSION = 4.0;
				TARGETED_DEVICE_FAMILY = "1,2";
			};
			name = Debug;
		};
		FA7DC7181FC2C27300CFF4C4 /* Release */ = {
			isa = XCBuildConfiguration;
			baseConfigurationReference = 4BD5EF008AD6E5D9CC66AD27 /* Pods-Slack 2.0.release.xcconfig */;
			buildSettings = {
				ASSETCATALOG_COMPILER_APPICON_NAME = AppIcon;
				CLANG_ENABLE_MODULES = YES;
				CODE_SIGN_STYLE = Automatic;
				DEVELOPMENT_TEAM = 7DZAV3VM24;
				INFOPLIST_FILE = "Slack 2.0/Info.plist";
				LD_RUNPATH_SEARCH_PATHS = "$(inherited) @executable_path/Frameworks";
				PRODUCT_BUNDLE_IDENTIFIER = "com.alwongg.Slack-2-0";
				PRODUCT_NAME = "$(TARGET_NAME)";
				SWIFT_OBJC_BRIDGING_HEADER = "Slack 2.0/Supporting Files/Slack 2.0-Bridging-Header.h";
				SWIFT_VERSION = 4.0;
				TARGETED_DEVICE_FAMILY = "1,2";
			};
			name = Release;
		};
/* End XCBuildConfiguration section */

/* Begin XCConfigurationList section */
		FA7DC6FF1FC2C27300CFF4C4 /* Build configuration list for PBXProject "Slack 2.0" */ = {
			isa = XCConfigurationList;
			buildConfigurations = (
				FA7DC7141FC2C27300CFF4C4 /* Debug */,
				FA7DC7151FC2C27300CFF4C4 /* Release */,
			);
			defaultConfigurationIsVisible = 0;
			defaultConfigurationName = Release;
		};
		FA7DC7161FC2C27300CFF4C4 /* Build configuration list for PBXNativeTarget "Slack 2.0" */ = {
			isa = XCConfigurationList;
			buildConfigurations = (
				FA7DC7171FC2C27300CFF4C4 /* Debug */,
				FA7DC7181FC2C27300CFF4C4 /* Release */,
			);
			defaultConfigurationIsVisible = 0;
			defaultConfigurationName = Release;
		};
/* End XCConfigurationList section */
	};
	rootObject = FA7DC6FC1FC2C27300CFF4C4 /* Project object */;
}
